
Microsoft Visual Studio Solution File, Format Version 12.00
# Visual Studio 15
VisualStudioVersion = 15.0.28307.852
MinimumVisualStudioVersion = 10.0.40219.1
Project("{9A19103F-16F7-4668-BE54-9A1E7A4F7556}") = "ZooSimulator", "ZooSimulator\ZooSimulator.csproj", "{29E087B2-3077-4FCD-8B7F-56AB4CC9BD6A}"
EndProject
Project("{FAE04EC0-301F-11D3-BF4B-00C04F79EFBC}") = "UnitTests", "UnitTests\UnitTests.csproj", "{574CBB69-70AE-45A1-9F73-9F0E9B722F30}"
EndProject
Global
	GlobalSection(SolutionConfigurationPlatforms) = preSolution
		Debug|Any CPU = Debug|Any CPU
		Release|Any CPU = Release|Any CPU
	EndGlobalSection
	GlobalSection(ProjectConfigurationPlatforms) = postSolution
		{29E087B2-3077-4FCD-8B7F-56AB4CC9BD6A}.Debug|Any CPU.ActiveCfg = Debug|Any CPU
		{29E087B2-3077-4FCD-8B7F-56AB4CC9BD6A}.Debug|Any CPU.Build.0 = Debug|Any CPU
		{29E087B2-3077-4FCD-8B7F-56AB4CC9BD6A}.Release|Any CPU.ActiveCfg = Release|Any CPU
		{29E087B2-3077-4FCD-8B7F-56AB4CC9BD6A}.Release|Any CPU.Build.0 = Release|Any CPU
		{574CBB69-70AE-45A1-9F73-9F0E9B722F30}.Debug|Any CPU.ActiveCfg = Debug|Any CPU
		{574CBB69-70AE-45A1-9F73-9F0E9B722F30}.Debug|Any CPU.Build.0 = Debug|Any CPU
		{574CBB69-70AE-45A1-9F73-9F0E9B722F30}.Release|Any CPU.ActiveCfg = Release|Any CPU
		{574CBB69-70AE-45A1-9F73-9F0E9B722F30}.Release|Any CPU.Build.0 = Release|Any CPU
	EndGlobalSection
	GlobalSection(SolutionProperties) = preSolution
		HideSolutionNode = FALSE
	EndGlobalSection
	GlobalSection(ExtensibilityGlobals) = postSolution
		SolutionGuid = {56C83376-8A4C-4855-9760-235E67593C9F}
	EndGlobalSection
EndGlobal
